
Microsoft Visual Studio Solution File, Format Version 12.00
# Visual Studio 15
VisualStudioVersion = 15.0.28010.0
MinimumVisualStudioVersion = 10.0.40219.1
Project("{FAE04EC0-301F-11D3-BF4B-00C04F79EFBC}") = "MvcSample", "MvcSample\MvcSample.csproj", "{A3DAE185-5BDD-4DE3-B686-D05D8908E276}"
EndProject
Global
	GlobalSection(SolutionConfigurationPlatforms) = preSolution
		Debug|Any CPU = Debug|Any CPU
		Release|Any CPU = Release|Any CPU
	EndGlobalSection
	GlobalSection(ProjectConfigurationPlatforms) = postSolution
		{A3DAE185-5BDD-4DE3-B686-D05D8908E276}.Debug|Any CPU.ActiveCfg = Debug|Any CPU
		{A3DAE185-5BDD-4DE3-B686-D05D8908E276}.Debug|Any CPU.Build.0 = Debug|Any CPU
		{A3DAE185-5BDD-4DE3-B686-D05D8908E276}.Release|Any CPU.ActiveCfg = Release|Any CPU
		{A3DAE185-5BDD-4DE3-B686-D05D8908E276}.Release|Any CPU.Build.0 = Release|Any CPU
	EndGlobalSection
	GlobalSection(SolutionProperties) = preSolution
		HideSolutionNode = FALSE
	EndGlobalSection
	GlobalSection(ExtensibilityGlobals) = postSolution
		SolutionGuid = {290F24AD-BF68-45DC-A5BC-4EF7EC64D666}
	EndGlobalSection
EndGlobal
